
Microsoft Visual Studio Solution File, Format Version 12.00
# Visual Studio Version 17
VisualStudioVersion = 17.14.36414.22 d17.14
MinimumVisualStudioVersion = 10.0.40219.1
Project("{FAE04EC0-301F-11D3-BF4B-00C04F79EFBC}") = "IronPDF.Challenge", "IronPDF.Challenge\IronPDF.Challenge.csproj", "{CFC2E958-448C-4311-A034-3DE48CD49138}"
EndProject
Global
	GlobalSection(SolutionConfigurationPlatforms) = preSolution
		Debug|Any CPU = Debug|Any CPU
		Release|Any CPU = Release|Any CPU
	EndGlobalSection
	GlobalSection(ProjectConfigurationPlatforms) = postSolution
		{CFC2E958-448C-4311-A034-3DE48CD49138}.Debug|Any CPU.ActiveCfg = Debug|Any CPU
		{CFC2E958-448C-4311-A034-3DE48CD49138}.Debug|Any CPU.Build.0 = Debug|Any CPU
		{CFC2E958-448C-4311-A034-3DE48CD49138}.Release|Any CPU.ActiveCfg = Release|Any CPU
		{CFC2E958-448C-4311-A034-3DE48CD49138}.Release|Any CPU.Build.0 = Release|Any CPU
	EndGlobalSection
	GlobalSection(SolutionProperties) = preSolution
		HideSolutionNode = FALSE
	EndGlobalSection
	GlobalSection(ExtensibilityGlobals) = postSolution
		SolutionGuid = {75235FAB-7EE0-462D-B891-31C42DC42C9F}
	EndGlobalSection
EndGlobal
